
Microsoft Visual Studio Solution File, Format Version 12.00
# Visual Studio 15
VisualStudioVersion = 15.0.28307.136
MinimumVisualStudioVersion = 10.0.40219.1
Project("{FAE04EC0-301F-11D3-BF4B-00C04F79EFBC}") = "lab5", "lab5\lab5.csproj", "{674580CC-4719-4ED7-A42E-425E3F5C3962}"
EndProject
Global
	GlobalSection(SolutionConfigurationPlatforms) = preSolution
		Debug|Any CPU = Debug|Any CPU
		Release|Any CPU = Release|Any CPU
	EndGlobalSection
	GlobalSection(ProjectConfigurationPlatforms) = postSolution
		{674580CC-4719-4ED7-A42E-425E3F5C3962}.Debug|Any CPU.ActiveCfg = Debug|Any CPU
		{674580CC-4719-4ED7-A42E-425E3F5C3962}.Debug|Any CPU.Build.0 = Debug|Any CPU
		{674580CC-4719-4ED7-A42E-425E3F5C3962}.Release|Any CPU.ActiveCfg = Release|Any CPU
		{674580CC-4719-4ED7-A42E-425E3F5C3962}.Release|Any CPU.Build.0 = Release|Any CPU
	EndGlobalSection
	GlobalSection(SolutionProperties) = preSolution
		HideSolutionNode = FALSE
	EndGlobalSection
	GlobalSection(ExtensibilityGlobals) = postSolution
		SolutionGuid = {A29D2BE5-267C-43D7-9E4A-373FE6EE3354}
	EndGlobalSection
EndGlobal
